// !$*UTF8*$!
{
	archiveVersion = 1;
	classes = {
	};
	objectVersion = 46;
	objects = {

/* Begin PBXBuildFile section */
		31427C951DFFA7F3006D7CB0 /* GCDBlackBox.swift in Sources */ = {isa = PBXBuildFile; fileRef = 31427C941DFFA7F3006D7CB0 /* GCDBlackBox.swift */; };
		31427C971DFFAB53006D7CB0 /* PhotoAlbumViewController.swift in Sources */ = {isa = PBXBuildFile; fileRef = 31427C961DFFAB53006D7CB0 /* PhotoAlbumViewController.swift */; };
		31427C991DFFB0EE006D7CB0 /* PhotoAlbumViewCell.swift in Sources */ = {isa = PBXBuildFile; fileRef = 31427C981DFFB0EE006D7CB0 /* PhotoAlbumViewCell.swift */; };
		31FDE9121DFE6E8500EB4795 /* AppDelegate.swift in Sources */ = {isa = PBXBuildFile; fileRef = 31FDE9111DFE6E8500EB4795 /* AppDelegate.swift */; };
		31FDE9171DFE6E8500EB4795 /* Main.storyboard in Resources */ = {isa = PBXBuildFile; fileRef = 31FDE9151DFE6E8500EB4795 /* Main.storyboard */; };
		31FDE9191DFE6E8500EB4795 /* Assets.xcassets in Resources */ = {isa = PBXBuildFile; fileRef = 31FDE9181DFE6E8500EB4795 /* Assets.xcassets */; };
		31FDE91C1DFE6E8500EB4795 /* LaunchScreen.storyboard in Resources */ = {isa = PBXBuildFile; fileRef = 31FDE91A1DFE6E8500EB4795 /* LaunchScreen.storyboard */; };
		31FDE9271DFE6E8600EB4795 /* Virtual_TouristTests.swift in Sources */ = {isa = PBXBuildFile; fileRef = 31FDE9261DFE6E8600EB4795 /* Virtual_TouristTests.swift */; };
		31FDE9321DFE6E8600EB4795 /* Virtual_TouristUITests.swift in Sources */ = {isa = PBXBuildFile; fileRef = 31FDE9311DFE6E8600EB4795 /* Virtual_TouristUITests.swift */; };
		31FDE94D1DFE81F000EB4795 /* Model.xcdatamodeld in Sources */ = {isa = PBXBuildFile; fileRef = 31FDE94B1DFE81F000EB4795 /* Model.xcdatamodeld */; };
		31FDE9521DFE82E500EB4795 /* Pin+CoreDataClass.swift in Sources */ = {isa = PBXBuildFile; fileRef = 31FDE94E1DFE82E500EB4795 /* Pin+CoreDataClass.swift */; };
		31FDE9531DFE82E500EB4795 /* Pin+CoreDataProperties.swift in Sources */ = {isa = PBXBuildFile; fileRef = 31FDE94F1DFE82E500EB4795 /* Pin+CoreDataProperties.swift */; };
		31FDE9541DFE82E500EB4795 /* Image+CoreDataClass.swift in Sources */ = {isa = PBXBuildFile; fileRef = 31FDE9501DFE82E500EB4795 /* Image+CoreDataClass.swift */; };
		31FDE9551DFE82E500EB4795 /* Image+CoreDataProperties.swift in Sources */ = {isa = PBXBuildFile; fileRef = 31FDE9511DFE82E500EB4795 /* Image+CoreDataProperties.swift */; };
		31FDE9571DFE866B00EB4795 /* TravelLocationsMapView.swift in Sources */ = {isa = PBXBuildFile; fileRef = 31FDE9561DFE866B00EB4795 /* TravelLocationsMapView.swift */; };
		31FDE9591DFEA9F800EB4795 /* Error.swift in Sources */ = {isa = PBXBuildFile; fileRef = 31FDE9581DFEA9F800EB4795 /* Error.swift */; };
		31FDE95D1DFEC60200EB4795 /* FlickrAPI.swift in Sources */ = {isa = PBXBuildFile; fileRef = 31FDE95C1DFEC60200EB4795 /* FlickrAPI.swift */; };
		31FDE95F1DFECAA800EB4795 /* Constants.swift in Sources */ = {isa = PBXBuildFile; fileRef = 31FDE95E1DFECAA800EB4795 /* Constants.swift */; };
/* End PBXBuildFile section */

/* Begin PBXContainerItemProxy section */
		31FDE9231DFE6E8600EB4795 /* PBXContainerItemProxy */ = {
			isa = PBXContainerItemProxy;
			containerPortal = 31FDE9061DFE6E8500EB4795 /* Project object */;
			proxyType = 1;
			remoteGlobalIDString = 31FDE90D1DFE6E8500EB4795;
			remoteInfo = "Virtual Tourist";
		};
		31FDE92E1DFE6E8600EB4795 /* PBXContainerItemProxy */ = {
			isa = PBXContainerItemProxy;
			containerPortal = 31FDE9061DFE6E8500EB4795 /* Project object */;
			proxyType = 1;
			remoteGlobalIDString = 31FDE90D1DFE6E8500EB4795;
			remoteInfo = "Virtual Tourist";
		};
/* End PBXContainerItemProxy section */

/* Begin PBXFileReference section */
		31427C941DFFA7F3006D7CB0 /* GCDBlackBox.swift */ = {isa = PBXFileReference; fileEncoding = 4; lastKnownFileType = sourcecode.swift; path = GCDBlackBox.swift; sourceTree = "<group>"; };
		31427C961DFFAB53006D7CB0 /* PhotoAlbumViewController.swift */ = {isa = PBXFileReference; fileEncoding = 4; lastKnownFileType = sourcecode.swift; path = PhotoAlbumViewController.swift; sourceTree = "<group>"; };
		31427C981DFFB0EE006D7CB0 /* PhotoAlbumViewCell.swift */ = {isa = PBXFileReference; fileEncoding = 4; lastKnownFileType = sourcecode.swift; path = PhotoAlbumViewCell.swift; sourceTree = "<group>"; };
		31FDE90E1DFE6E8500EB4795 /* Virtual Tourist.app */ = {isa = PBXFileReference; explicitFileType = wrapper.application; includeInIndex = 0; path = "Virtual Tourist.app"; sourceTree = BUILT_PRODUCTS_DIR; };
		31FDE9111DFE6E8500EB4795 /* AppDelegate.swift */ = {isa = PBXFileReference; lastKnownFileType = sourcecode.swift; path = AppDelegate.swift; sourceTree = "<group>"; };
		31FDE9161DFE6E8500EB4795 /* Base */ = {isa = PBXFileReference; lastKnownFileType = file.storyboard; name = Base; path = Base.lproj/Main.storyboard; sourceTree = "<group>"; };
		31FDE9181DFE6E8500EB4795 /* Assets.xcassets */ = {isa = PBXFileReference; lastKnownFileType = folder.assetcatalog; path = Assets.xcassets; sourceTree = "<group>"; };
		31FDE91B1DFE6E8500EB4795 /* Base */ = {isa = PBXFileReference; lastKnownFileType = file.storyboard; name = Base; path = Base.lproj/LaunchScreen.storyboard; sourceTree = "<group>"; };
		31FDE91D1DFE6E8500EB4795 /* Info.plist */ = {isa = PBXFileReference; lastKnownFileType = text.plist.xml; path = Info.plist; sourceTree = "<group>"; };
		31FDE9221DFE6E8600EB4795 /* Virtual TouristTests.xctest */ = {isa = PBXFileReference; explicitFileType = wrapper.cfbundle; includeInIndex = 0; path = "Virtual TouristTests.xctest"; sourceTree = BUILT_PRODUCTS_DIR; };
		31FDE9261DFE6E8600EB4795 /* Virtual_TouristTests.swift */ = {isa = PBXFileReference; lastKnownFileType = sourcecode.swift; path = Virtual_TouristTests.swift; sourceTree = "<group>"; };
		31FDE9281DFE6E8600EB4795 /* Info.plist */ = {isa = PBXFileReference; lastKnownFileType = text.plist.xml; path = Info.plist; sourceTree = "<group>"; };
		31FDE92D1DFE6E8600EB4795 /* Virtual TouristUITests.xctest */ = {isa = PBXFileReference; explicitFileType = wrapper.cfbundle; includeInIndex = 0; path = "Virtual TouristUITests.xctest"; sourceTree = BUILT_PRODUCTS_DIR; };
		31FDE9311DFE6E8600EB4795 /* Virtual_TouristUITests.swift */ = {isa = PBXFileReference; lastKnownFileType = sourcecode.swift; path = Virtual_TouristUITests.swift; sourceTree = "<group>"; };
		31FDE9331DFE6E8600EB4795 /* Info.plist */ = {isa = PBXFileReference; lastKnownFileType = text.plist.xml; path = Info.plist; sourceTree = "<group>"; };
		31FDE94C1DFE81F000EB4795 /* Model.xcdatamodel */ = {isa = PBXFileReference; lastKnownFileType = wrapper.xcdatamodel; path = Model.xcdatamodel; sourceTree = "<group>"; };
		31FDE94E1DFE82E500EB4795 /* Pin+CoreDataClass.swift */ = {isa = PBXFileReference; fileEncoding = 4; lastKnownFileType = sourcecode.swift; name = "Pin+CoreDataClass.swift"; path = "../Pin+CoreDataClass.swift"; sourceTree = "<group>"; };
		31FDE94F1DFE82E500EB4795 /* Pin+CoreDataProperties.swift */ = {isa = PBXFileReference; fileEncoding = 4; lastKnownFileType = sourcecode.swift; name = "Pin+CoreDataProperties.swift"; path = "../Pin+CoreDataProperties.swift"; sourceTree = "<group>"; };
		31FDE9501DFE82E500EB4795 /* Image+CoreDataClass.swift */ = {isa = PBXFileReference; fileEncoding = 4; lastKnownFileType = sourcecode.swift; name = "Image+CoreDataClass.swift"; path = "../Image+CoreDataClass.swift"; sourceTree = "<group>"; };
		31FDE9511DFE82E500EB4795 /* Image+CoreDataProperties.swift */ = {isa = PBXFileReference; fileEncoding = 4; lastKnownFileType = sourcecode.swift; name = "Image+CoreDataProperties.swift"; path = "../Image+CoreDataProperties.swift"; sourceTree = "<group>"; };
		31FDE9561DFE866B00EB4795 /* TravelLocationsMapView.swift */ = {isa = PBXFileReference; fileEncoding = 4; lastKnownFileType = sourcecode.swift; path = TravelLocationsMapView.swift; sourceTree = "<group>"; };
		31FDE9581DFEA9F800EB4795 /* Error.swift */ = {isa = PBXFileReference; fileEncoding = 4; lastKnownFileType = sourcecode.swift; path = Error.swift; sourceTree = "<group>"; };
		31FDE95C1DFEC60200EB4795 /* FlickrAPI.swift */ = {isa = PBXFileReference; fileEncoding = 4; lastKnownFileType = sourcecode.swift; path = FlickrAPI.swift; sourceTree = "<group>"; };
		31FDE95E1DFECAA800EB4795 /* Constants.swift */ = {isa = PBXFileReference; fileEncoding = 4; lastKnownFileType = sourcecode.swift; path = Constants.swift; sourceTree = "<group>"; };
/* End PBXFileReference section */

/* Begin PBXFrameworksBuildPhase section */
		31FDE90B1DFE6E8500EB4795 /* Frameworks */ = {
			isa = PBXFrameworksBuildPhase;
			buildActionMask = 2147483647;
			files = (
			);
			runOnlyForDeploymentPostprocessing = 0;
		};
		31FDE91F1DFE6E8600EB4795 /* Frameworks */ = {
			isa = PBXFrameworksBuildPhase;
			buildActionMask = 2147483647;
			files = (
			);
			runOnlyForDeploymentPostprocessing = 0;
		};
		31FDE92A1DFE6E8600EB4795 /* Frameworks */ = {
			isa = PBXFrameworksBuildPhase;
			buildActionMask = 2147483647;
			files = (
			);
			runOnlyForDeploymentPostprocessing = 0;
		};
/* End PBXFrameworksBuildPhase section */

/* Begin PBXGroup section */
		31FDE9051DFE6E8500EB4795 = {
			isa = PBXGroup;
			children = (
				31FDE9101DFE6E8500EB4795 /* Virtual Tourist */,
				31FDE9251DFE6E8600EB4795 /* Virtual TouristTests */,
				31FDE9301DFE6E8600EB4795 /* Virtual TouristUITests */,
				31FDE90F1DFE6E8500EB4795 /* Products */,
			);
			sourceTree = "<group>";
		};
		31FDE90F1DFE6E8500EB4795 /* Products */ = {
			isa = PBXGroup;
			children = (
				31FDE90E1DFE6E8500EB4795 /* Virtual Tourist.app */,
				31FDE9221DFE6E8600EB4795 /* Virtual TouristTests.xctest */,
				31FDE92D1DFE6E8600EB4795 /* Virtual TouristUITests.xctest */,
			);
			name = Products;
			sourceTree = "<group>";
		};
		31FDE9101DFE6E8500EB4795 /* Virtual Tourist */ = {
			isa = PBXGroup;
			children = (
				31427C941DFFA7F3006D7CB0 /* GCDBlackBox.swift */,
				31FDE94A1DFE815300EB4795 /* Model */,
				31FDE9111DFE6E8500EB4795 /* AppDelegate.swift */,
				31FDE9151DFE6E8500EB4795 /* Main.storyboard */,
				31FDE9181DFE6E8500EB4795 /* Assets.xcassets */,
				31FDE91A1DFE6E8500EB4795 /* LaunchScreen.storyboard */,
				31FDE91D1DFE6E8500EB4795 /* Info.plist */,
				31FDE9561DFE866B00EB4795 /* TravelLocationsMapView.swift */,
				31FDE9581DFEA9F800EB4795 /* Error.swift */,
				31FDE95C1DFEC60200EB4795 /* FlickrAPI.swift */,
				31FDE95E1DFECAA800EB4795 /* Constants.swift */,
				31427C961DFFAB53006D7CB0 /* PhotoAlbumViewController.swift */,
				31427C981DFFB0EE006D7CB0 /* PhotoAlbumViewCell.swift */,
			);
			path = "Virtual Tourist";
			sourceTree = "<group>";
		};
		31FDE9251DFE6E8600EB4795 /* Virtual TouristTests */ = {
			isa = PBXGroup;
			children = (
				31FDE9261DFE6E8600EB4795 /* Virtual_TouristTests.swift */,
				31FDE9281DFE6E8600EB4795 /* Info.plist */,
			);
			path = "Virtual TouristTests";
			sourceTree = "<group>";
		};
		31FDE9301DFE6E8600EB4795 /* Virtual TouristUITests */ = {
			isa = PBXGroup;
			children = (
				31FDE9311DFE6E8600EB4795 /* Virtual_TouristUITests.swift */,
				31FDE9331DFE6E8600EB4795 /* Info.plist */,
			);
			path = "Virtual TouristUITests";
			sourceTree = "<group>";
		};
		31FDE94A1DFE815300EB4795 /* Model */ = {
			isa = PBXGroup;
			children = (
				31FDE94B1DFE81F000EB4795 /* Model.xcdatamodeld */,
				31FDE9511DFE82E500EB4795 /* Image+CoreDataProperties.swift */,
				31FDE9501DFE82E500EB4795 /* Image+CoreDataClass.swift */,
				31FDE94E1DFE82E500EB4795 /* Pin+CoreDataClass.swift */,
				31FDE94F1DFE82E500EB4795 /* Pin+CoreDataProperties.swift */,
			);
			name = Model;
			sourceTree = "<group>";
		};
/* End PBXGroup section */

/* Begin PBXNativeTarget section */
		31FDE90D1DFE6E8500EB4795 /* Virtual Tourist */ = {
			isa = PBXNativeTarget;
			buildConfigurationList = 31FDE9361DFE6E8600EB4795 /* Build configuration list for PBXNativeTarget "Virtual Tourist" */;
			buildPhases = (
				31FDE90A1DFE6E8500EB4795 /* Sources */,
				31FDE90B1DFE6E8500EB4795 /* Frameworks */,
				31FDE90C1DFE6E8500EB4795 /* Resources */,
			);
			buildRules = (
			);
			dependencies = (
			);
			name = "Virtual Tourist";
			productName = "Virtual Tourist";
			productReference = 31FDE90E1DFE6E8500EB4795 /* Virtual Tourist.app */;
			productType = "com.apple.product-type.application";
		};
		31FDE9211DFE6E8600EB4795 /* Virtual TouristTests */ = {
			isa = PBXNativeTarget;
			buildConfigurationList = 31FDE9391DFE6E8600EB4795 /* Build configuration list for PBXNativeTarget "Virtual TouristTests" */;
			buildPhases = (
				31FDE91E1DFE6E8600EB4795 /* Sources */,
				31FDE91F1DFE6E8600EB4795 /* Frameworks */,
				31FDE9201DFE6E8600EB4795 /* Resources */,
			);
			buildRules = (
			);
			dependencies = (
				31FDE9241DFE6E8600EB4795 /* PBXTargetDependency */,
			);
			name = "Virtual TouristTests";
			productName = "Virtual TouristTests";
			productReference = 31FDE9221DFE6E8600EB4795 /* Virtual TouristTests.xctest */;
			productType = "com.apple.product-type.bundle.unit-test";
		};
		31FDE92C1DFE6E8600EB4795 /* Virtual TouristUITests */ = {
			isa = PBXNativeTarget;
			buildConfigurationList = 31FDE93C1DFE6E8600EB4795 /* Build configuration list for PBXNativeTarget "Virtual TouristUITests" */;
			buildPhases = (
				31FDE9291DFE6E8600EB4795 /* Sources */,
				31FDE92A1DFE6E8600EB4795 /* Frameworks */,
				31FDE92B1DFE6E8600EB4795 /* Resources */,
			);
			buildRules = (
			);
			dependencies = (
				31FDE92F1DFE6E8600EB4795 /* PBXTargetDependency */,
			);
			name = "Virtual TouristUITests";
			productName = "Virtual TouristUITests";
			productReference = 31FDE92D1DFE6E8600EB4795 /* Virtual TouristUITests.xctest */;
			productType = "com.apple.product-type.bundle.ui-testing";
		};
/* End PBXNativeTarget section */

/* Begin PBXProject section */
		31FDE9061DFE6E8500EB4795 /* Project object */ = {
			isa = PBXProject;
			attributes = {
				LastSwiftUpdateCheck = 0800;
				LastUpgradeCheck = 0800;
				ORGANIZATIONNAME = Nikhil;
				TargetAttributes = {
					31FDE90D1DFE6E8500EB4795 = {
						CreatedOnToolsVersion = 8.0;
						DevelopmentTeam = 7V5UFVFM6A;
						ProvisioningStyle = Automatic;
					};
					31FDE9211DFE6E8600EB4795 = {
						CreatedOnToolsVersion = 8.0;
						DevelopmentTeam = 7V5UFVFM6A;
						ProvisioningStyle = Automatic;
						TestTargetID = 31FDE90D1DFE6E8500EB4795;
					};
					31FDE92C1DFE6E8600EB4795 = {
						CreatedOnToolsVersion = 8.0;
						DevelopmentTeam = 7V5UFVFM6A;
						ProvisioningStyle = Automatic;
						TestTargetID = 31FDE90D1DFE6E8500EB4795;
					};
				};
			};
			buildConfigurationList = 31FDE9091DFE6E8500EB4795 /* Build configuration list for PBXProject "Virtual Tourist" */;
			compatibilityVersion = "Xcode 3.2";
			developmentRegion = English;
			hasScannedForEncodings = 0;
			knownRegions = (
				en,
				Base,
			);
			mainGroup = 31FDE9051DFE6E8500EB4795;
			productRefGroup = 31FDE90F1DFE6E8500EB4795 /* Products */;
			projectDirPath = "";
			projectRoot = "";
			targets = (
				31FDE90D1DFE6E8500EB4795 /* Virtual Tourist */,
				31FDE9211DFE6E8600EB4795 /* Virtual TouristTests */,
				31FDE92C1DFE6E8600EB4795 /* Virtual TouristUITests */,
			);
		};
/* End PBXProject section */

/* Begin PBXResourcesBuildPhase section */
		31FDE90C1DFE6E8500EB4795 /* Resources */ = {
			isa = PBXResourcesBuildPhase;
			buildActionMask = 2147483647;
			files = (
				31FDE91C1DFE6E8500EB4795 /* LaunchScreen.storyboard in Resources */,
				31FDE9191DFE6E8500EB4795 /* Assets.xcassets in Resources */,
				31FDE9171DFE6E8500EB4795 /* Main.storyboard in Resources */,
			);
			runOnlyForDeploymentPostprocessing = 0;
		};
		31FDE9201DFE6E8600EB4795 /* Resources */ = {
			isa = PBXResourcesBuildPhase;
			buildActionMask = 2147483647;
			files = (
			);
			runOnlyForDeploymentPostprocessing = 0;
		};
		31FDE92B1DFE6E8600EB4795 /* Resources */ = {
			isa = PBXResourcesBuildPhase;
			buildActionMask = 2147483647;
			files = (
			);
			runOnlyForDeploymentPostprocessing = 0;
		};
/* End PBXResourcesBuildPhase section */

/* Begin PBXSourcesBuildPhase section */
		31FDE90A1DFE6E8500EB4795 /* Sources */ = {
			isa = PBXSourcesBuildPhase;
			buildActionMask = 2147483647;
			files = (
				31FDE9591DFEA9F800EB4795 /* Error.swift in Sources */,
				31FDE9521DFE82E500EB4795 /* Pin+CoreDataClass.swift in Sources */,
				31FDE9571DFE866B00EB4795 /* TravelLocationsMapView.swift in Sources */,
				31FDE95D1DFEC60200EB4795 /* FlickrAPI.swift in Sources */,
				31427C951DFFA7F3006D7CB0 /* GCDBlackBox.swift in Sources */,
				31FDE9531DFE82E500EB4795 /* Pin+CoreDataProperties.swift in Sources */,
				31427C991DFFB0EE006D7CB0 /* PhotoAlbumViewCell.swift in Sources */,
				31FDE95F1DFECAA800EB4795 /* Constants.swift in Sources */,
				31FDE9121DFE6E8500EB4795 /* AppDelegate.swift in Sources */,
				31FDE9551DFE82E500EB4795 /* Image+CoreDataProperties.swift in Sources */,
				31FDE94D1DFE81F000EB4795 /* Model.xcdatamodeld in Sources */,
				31FDE9541DFE82E500EB4795 /* Image+CoreDataClass.swift in Sources */,
				31427C971DFFAB53006D7CB0 /* PhotoAlbumViewController.swift in Sources */,
			);
			runOnlyForDeploymentPostprocessing = 0;
		};
		31FDE91E1DFE6E8600EB4795 /* Sources */ = {
			isa = PBXSourcesBuildPhase;
			buildActionMask = 2147483647;
			files = (
				31FDE9271DFE6E8600EB4795 /* Virtual_TouristTests.swift in Sources */,
			);
			runOnlyForDeploymentPostprocessing = 0;
		};
		31FDE9291DFE6E8600EB4795 /* Sources */ = {
			isa = PBXSourcesBuildPhase;
			buildActionMask = 2147483647;
			files = (
				31FDE9321DFE6E8600EB4795 /* Virtual_TouristUITests.swift in Sources */,
			);
			runOnlyForDeploymentPostprocessing = 0;
		};
/* End PBXSourcesBuildPhase section */

/* Begin PBXTargetDependency section */
		31FDE9241DFE6E8600EB4795 /* PBXTargetDependency */ = {
			isa = PBXTargetDependency;
			target = 31FDE90D1DFE6E8500EB4795 /* Virtual Tourist */;
			targetProxy = 31FDE9231DFE6E8600EB4795 /* PBXContainerItemProxy */;
		};
		31FDE92F1DFE6E8600EB4795 /* PBXTargetDependency */ = {
			isa = PBXTargetDependency;
			target = 31FDE90D1DFE6E8500EB4795 /* Virtual Tourist */;
			targetProxy = 31FDE92E1DFE6E8600EB4795 /* PBXContainerItemProxy */;
		};
/* End PBXTargetDependency section */

/* Begin PBXVariantGroup section */
		31FDE9151DFE6E8500EB4795 /* Main.storyboard */ = {
			isa = PBXVariantGroup;
			children = (
				31FDE9161DFE6E8500EB4795 /* Base */,
			);
			name = Main.storyboard;
			sourceTree = "<group>";
		};
		31FDE91A1DFE6E8500EB4795 /* LaunchScreen.storyboard */ = {
			isa = PBXVariantGroup;
			children = (
				31FDE91B1DFE6E8500EB4795 /* Base */,
			);
			name = LaunchScreen.storyboard;
			sourceTree = "<group>";
		};
/* End PBXVariantGroup section */

/* Begin XCBuildConfiguration section */
		31FDE9341DFE6E8600EB4795 /* Debug */ = {
			isa = XCBuildConfiguration;
			buildSettings = {
				ALWAYS_SEARCH_USER_PATHS = NO;
				CLANG_ANALYZER_NONNULL = YES;
				CLANG_CXX_LANGUAGE_STANDARD = "gnu++0x";
				CLANG_CXX_LIBRARY = "libc++";
				CLANG_ENABLE_MODULES = YES;
				CLANG_ENABLE_OBJC_ARC = YES;
				CLANG_WARN_BOOL_CONVERSION = YES;
				CLANG_WARN_CONSTANT_CONVERSION = YES;
				CLANG_WARN_DIRECT_OBJC_ISA_USAGE = YES_ERROR;
				CLANG_WARN_DOCUMENTATION_COMMENTS = YES;
				CLANG_WARN_EMPTY_BODY = YES;
				CLANG_WARN_ENUM_CONVERSION = YES;
				CLANG_WARN_INFINITE_RECURSION = YES;
				CLANG_WARN_INT_CONVERSION = YES;
				CLANG_WARN_OBJC_ROOT_CLASS = YES_ERROR;
				CLANG_WARN_SUSPICIOUS_MOVES = YES;
				CLANG_WARN_UNREACHABLE_CODE = YES;
				CLANG_WARN__DUPLICATE_METHOD_MATCH = YES;
				"CODE_SIGN_IDENTITY[sdk=iphoneos*]" = "iPhone Developer";
				COPY_PHASE_STRIP = NO;
				DEBUG_INFORMATION_FORMAT = dwarf;
				ENABLE_STRICT_OBJC_MSGSEND = YES;
				ENABLE_TESTABILITY = YES;
				GCC_C_LANGUAGE_STANDARD = gnu99;
				GCC_DYNAMIC_NO_PIC = NO;
				GCC_NO_COMMON_BLOCKS = YES;
				GCC_OPTIMIZATION_LEVEL = 0;
				GCC_PREPROCESSOR_DEFINITIONS = (
					"DEBUG=1",
					"$(inherited)",
				);
				GCC_WARN_64_TO_32_BIT_CONVERSION = YES;
				GCC_WARN_ABOUT_RETURN_TYPE = YES_ERROR;
				GCC_WARN_UNDECLARED_SELECTOR = YES;
				GCC_WARN_UNINITIALIZED_AUTOS = YES_AGGRESSIVE;
				GCC_WARN_UNUSED_FUNCTION = YES;
				GCC_WARN_UNUSED_VARIABLE = YES;
				IPHONEOS_DEPLOYMENT_TARGET = 10.0;
				MTL_ENABLE_DEBUG_INFO = YES;
				ONLY_ACTIVE_ARCH = YES;
				SDKROOT = iphoneos;
				SWIFT_ACTIVE_COMPILATION_CONDITIONS = DEBUG;
				SWIFT_OPTIMIZATION_LEVEL = "-Onone";
				TARGETED_DEVICE_FAMILY = "1,2";
			};
			name = Debug;
		};
		31FDE9351DFE6E8600EB4795 /* Release */ = {
			isa = XCBuildConfiguration;
			buildSettings = {
				ALWAYS_SEARCH_USER_PATHS = NO;
				CLANG_ANALYZER_NONNULL = YES;
				CLANG_CXX_LANGUAGE_STANDARD = "gnu++0x";
				CLANG_CXX_LIBRARY = "libc++";
				CLANG_ENABLE_MODULES = YES;
				CLANG_ENABLE_OBJC_ARC = YES;
				CLANG_WARN_BOOL_CONVERSION = YES;
				CLANG_WARN_CONSTANT_CONVERSION = YES;
				CLANG_WARN_DIRECT_OBJC_ISA_USAGE = YES_ERROR;
				CLANG_WARN_DOCUMENTATION_COMMENTS = YES;
				CLANG_WARN_EMPTY_BODY = YES;
				CLANG_WARN_ENUM_CONVERSION = YES;
				CLANG_WARN_INFINITE_RECURSION = YES;
				CLANG_WARN_INT_CONVERSION = YES;
				CLANG_WARN_OBJC_ROOT_CLASS = YES_ERROR;
				CLANG_WARN_SUSPICIOUS_MOVES = YES;
				CLANG_WARN_UNREACHABLE_CODE = YES;
				CLANG_WARN__DUPLICATE_METHOD_MATCH = YES;
				"CODE_SIGN_IDENTITY[sdk=iphoneos*]" = "iPhone Developer";
				COPY_PHASE_STRIP = NO;
				DEBUG_INFORMATION_FORMAT = "dwarf-with-dsym";
				ENABLE_NS_ASSERTIONS = NO;
				ENABLE_STRICT_OBJC_MSGSEND = YES;
				GCC_C_LANGUAGE_STANDARD = gnu99;
				GCC_NO_COMMON_BLOCKS = YES;
				GCC_WARN_64_TO_32_BIT_CONVERSION = YES;
				GCC_WARN_ABOUT_RETURN_TYPE = YES_ERROR;
				GCC_WARN_UNDECLARED_SELECTOR = YES;
				GCC_WARN_UNINITIALIZED_AUTOS = YES_AGGRESSIVE;
				GCC_WARN_UNUSED_FUNCTION = YES;
				GCC_WARN_UNUSED_VARIABLE = YES;
				IPHONEOS_DEPLOYMENT_TARGET = 10.0;
				MTL_ENABLE_DEBUG_INFO = NO;
				SDKROOT = iphoneos;
				SWIFT_OPTIMIZATION_LEVEL = "-Owholemodule";
				TARGETED_DEVICE_FAMILY = "1,2";
				VALIDATE_PRODUCT = YES;
			};
			name = Release;
		};
		31FDE9371DFE6E8600EB4795 /* Debug */ = {
			isa = XCBuildConfiguration;
			buildSettings = {
				ASSETCATALOG_COMPILER_APPICON_NAME = AppIcon;
				DEVELOPMENT_TEAM = 7V5UFVFM6A;
				INFOPLIST_FILE = "Virtual Tourist/Info.plist";
				LD_RUNPATH_SEARCH_PATHS = "$(inherited) @executable_path/Frameworks";
				PRODUCT_BUNDLE_IDENTIFIER = "com.nik.Virtual-Tourist";
				PRODUCT_NAME = "$(TARGET_NAME)";
				SWIFT_VERSION = 3.0;
			};
			name = Debug;
		};
		31FDE9381DFE6E8600EB4795 /* Release */ = {
			isa = XCBuildConfiguration;
			buildSettings = {
				ASSETCATALOG_COMPILER_APPICON_NAME = AppIcon;
				DEVELOPMENT_TEAM = 7V5UFVFM6A;
				INFOPLIST_FILE = "Virtual Tourist/Info.plist";
				LD_RUNPATH_SEARCH_PATHS = "$(inherited) @executable_path/Frameworks";
				PRODUCT_BUNDLE_IDENTIFIER = "com.nik.Virtual-Tourist";
				PRODUCT_NAME = "$(TARGET_NAME)";
				SWIFT_VERSION = 3.0;
			};
			name = Release;
		};
		31FDE93A1DFE6E8600EB4795 /* Debug */ = {
			isa = XCBuildConfiguration;
			buildSettings = {
				ALWAYS_EMBED_SWIFT_STANDARD_LIBRARIES = YES;
				BUNDLE_LOADER = "$(TEST_HOST)";
				DEVELOPMENT_TEAM = 7V5UFVFM6A;
				INFOPLIST_FILE = "Virtual TouristTests/Info.plist";
				LD_RUNPATH_SEARCH_PATHS = "$(inherited) @executable_path/Frameworks @loader_path/Frameworks";
				PRODUCT_BUNDLE_IDENTIFIER = "com.nik.Virtual-TouristTests";
				PRODUCT_NAME = "$(TARGET_NAME)";
				SWIFT_VERSION = 3.0;
				TEST_HOST = "$(BUILT_PRODUCTS_DIR)/Virtual Tourist.app/Virtual Tourist";
			};
			name = Debug;
		};
		31FDE93B1DFE6E8600EB4795 /* Release */ = {
			isa = XCBuildConfiguration;
			buildSettings = {
				ALWAYS_EMBED_SWIFT_STANDARD_LIBRARIES = YES;
				BUNDLE_LOADER = "$(TEST_HOST)";
				DEVELOPMENT_TEAM = 7V5UFVFM6A;
				INFOPLIST_FILE = "Virtual TouristTests/Info.plist";
				LD_RUNPATH_SEARCH_PATHS = "$(inherited) @executable_path/Frameworks @loader_path/Frameworks";
				PRODUCT_BUNDLE_IDENTIFIER = "com.nik.Virtual-TouristTests";
				PRODUCT_NAME = "$(TARGET_NAME)";
				SWIFT_VERSION = 3.0;
				TEST_HOST = "$(BUILT_PRODUCTS_DIR)/Virtual Tourist.app/Virtual Tourist";
			};
			name = Release;
		};
		31FDE93D1DFE6E8600EB4795 /* Debug */ = {
			isa = XCBuildConfiguration;
			buildSettings = {
				ALWAYS_EMBED_SWIFT_STANDARD_LIBRARIES = YES;
				DEVELOPMENT_TEAM = 7V5UFVFM6A;
				INFOPLIST_FILE = "Virtual TouristUITests/Info.plist";
				LD_RUNPATH_SEARCH_PATHS = "$(inherited) @executable_path/Frameworks @loader_path/Frameworks";
				PRODUCT_BUNDLE_IDENTIFIER = "com.nik.Virtual-TouristUITests";
				PRODUCT_NAME = "$(TARGET_NAME)";
				SWIFT_VERSION = 3.0;
				TEST_TARGET_NAME = "Virtual Tourist";
			};
			name = Debug;
		};
		31FDE93E1DFE6E8600EB4795 /* Release */ = {
			isa = XCBuildConfiguration;
			buildSettings = {
				ALWAYS_EMBED_SWIFT_STANDARD_LIBRARIES = YES;
				DEVELOPMENT_TEAM = 7V5UFVFM6A;
				INFOPLIST_FILE = "Virtual TouristUITests/Info.plist";
				LD_RUNPATH_SEARCH_PATHS = "$(inherited) @executable_path/Frameworks @loader_path/Frameworks";
				PRODUCT_BUNDLE_IDENTIFIER = "com.nik.Virtual-TouristUITests";
				PRODUCT_NAME = "$(TARGET_NAME)";
				SWIFT_VERSION = 3.0;
				TEST_TARGET_NAME = "Virtual Tourist";
			};
			name = Release;
		};
/* End XCBuildConfiguration section */

/* Begin XCConfigurationList section */
		31FDE9091DFE6E8500EB4795 /* Build configuration list for PBXProject "Virtual Tourist" */ = {
			isa = XCConfigurationList;
			buildConfigurations = (
				31FDE9341DFE6E8600EB4795 /* Debug */,
				31FDE9351DFE6E8600EB4795 /* Release */,
			);
			defaultConfigurationIsVisible = 0;
			defaultConfigurationName = Release;
		};
		31FDE9361DFE6E8600EB4795 /* Build configuration list for PBXNativeTarget "Virtual Tourist" */ = {
			isa = XCConfigurationList;
			buildConfigurations = (
				31FDE9371DFE6E8600EB4795 /* Debug */,
				31FDE9381DFE6E8600EB4795 /* Release */,
			);
			defaultConfigurationIsVisible = 0;
			defaultConfigurationName = Release;
		};
		31FDE9391DFE6E8600EB4795 /* Build configuration list for PBXNativeTarget "Virtual TouristTests" */ = {
			isa = XCConfigurationList;
			buildConfigurations = (
				31FDE93A1DFE6E8600EB4795 /* Debug */,
				31FDE93B1DFE6E8600EB4795 /* Release */,
			);
			defaultConfigurationIsVisible = 0;
			defaultConfigurationName = Release;
		};
		31FDE93C1DFE6E8600EB4795 /* Build configuration list for PBXNativeTarget "Virtual TouristUITests" */ = {
			isa = XCConfigurationList;
			buildConfigurations = (
				31FDE93D1DFE6E8600EB4795 /* Debug */,
				31FDE93E1DFE6E8600EB4795 /* Release */,
			);
			defaultConfigurationIsVisible = 0;
			defaultConfigurationName = Release;
		};
/* End XCConfigurationList section */

/* Begin XCVersionGroup section */
		31FDE94B1DFE81F000EB4795 /* Model.xcdatamodeld */ = {
			isa = XCVersionGroup;
			children = (
				31FDE94C1DFE81F000EB4795 /* Model.xcdatamodel */,
			);
			currentVersion = 31FDE94C1DFE81F000EB4795 /* Model.xcdatamodel */;
			path = Model.xcdatamodeld;
			sourceTree = "<group>";
			versionGroupType = wrapper.xcdatamodel;
		};
/* End XCVersionGroup section */
	};
	rootObject = 31FDE9061DFE6E8500EB4795 /* Project object */;
}
